// !$*UTF8*$!
{
	archiveVersion = 1;
	classes = {
	};
	objectVersion = 46;
	objects = {

/* Begin PBXBuildFile section */
		AFAA40DD1B4EB7FF00E02652 /* AppDelegate.swift in Sources */ = {isa = PBXBuildFile; fileRef = AFAA40DC1B4EB7FF00E02652 /* AppDelegate.swift */; };
		AFAA40DF1B4EB7FF00E02652 /* ViewController.swift in Sources */ = {isa = PBXBuildFile; fileRef = AFAA40DE1B4EB7FF00E02652 /* ViewController.swift */; };
		AFAA40E21B4EB7FF00E02652 /* Main.storyboard in Resources */ = {isa = PBXBuildFile; fileRef = AFAA40E01B4EB7FF00E02652 /* Main.storyboard */; };
		AFAA40E41B4EB7FF00E02652 /* Images.xcassets in Resources */ = {isa = PBXBuildFile; fileRef = AFAA40E31B4EB7FF00E02652 /* Images.xcassets */; };
		AFAA40E71B4EB7FF00E02652 /* LaunchScreen.xib in Resources */ = {isa = PBXBuildFile; fileRef = AFAA40E51B4EB7FF00E02652 /* LaunchScreen.xib */; };
		AFAA40F31B4EB7FF00E02652 /* KADAITests.swift in Sources */ = {isa = PBXBuildFile; fileRef = AFAA40F21B4EB7FF00E02652 /* KADAITests.swift */; };
/* End PBXBuildFile section */

/* Begin PBXContainerItemProxy section */
		AFAA40ED1B4EB7FF00E02652 /* PBXContainerItemProxy */ = {
			isa = PBXContainerItemProxy;
			containerPortal = AFAA40CF1B4EB7FF00E02652 /* Project object */;
			proxyType = 1;
			remoteGlobalIDString = AFAA40D61B4EB7FF00E02652;
			remoteInfo = KADAI;
		};
/* End PBXContainerItemProxy section */

/* Begin PBXFileReference section */
		AFAA40D71B4EB7FF00E02652 /* KADAI.app */ = {isa = PBXFileReference; explicitFileType = wrapper.application; includeInIndex = 0; path = KADAI.app; sourceTree = BUILT_PRODUCTS_DIR; };
		AFAA40DB1B4EB7FF00E02652 /* Info.plist */ = {isa = PBXFileReference; lastKnownFileType = text.plist.xml; path = Info.plist; sourceTree = "<group>"; };
		AFAA40DC1B4EB7FF00E02652 /* AppDelegate.swift */ = {isa = PBXFileReference; lastKnownFileType = sourcecode.swift; path = AppDelegate.swift; sourceTree = "<group>"; };
		AFAA40DE1B4EB7FF00E02652 /* ViewController.swift */ = {isa = PBXFileReference; lastKnownFileType = sourcecode.swift; path = ViewController.swift; sourceTree = "<group>"; };
		AFAA40E11B4EB7FF00E02652 /* Base */ = {isa = PBXFileReference; lastKnownFileType = file.storyboard; name = Base; path = Base.lproj/Main.storyboard; sourceTree = "<group>"; };
		AFAA40E31B4EB7FF00E02652 /* Images.xcassets */ = {isa = PBXFileReference; lastKnownFileType = folder.assetcatalog; path = Images.xcassets; sourceTree = "<group>"; };
		AFAA40E61B4EB7FF00E02652 /* Base */ = {isa = PBXFileReference; lastKnownFileType = file.xib; name = Base; path = Base.lproj/LaunchScreen.xib; sourceTree = "<group>"; };
		AFAA40EC1B4EB7FF00E02652 /* KADAITests.xctest */ = {isa = PBXFileReference; explicitFileType = wrapper.cfbundle; includeInIndex = 0; path = KADAITests.xctest; sourceTree = BUILT_PRODUCTS_DIR; };
		AFAA40F11B4EB7FF00E02652 /* Info.plist */ = {isa = PBXFileReference; lastKnownFileType = text.plist.xml; path = Info.plist; sourceTree = "<group>"; };
		AFAA40F21B4EB7FF00E02652 /* KADAITests.swift */ = {isa = PBXFileReference; lastKnownFileType = sourcecode.swift; path = KADAITests.swift; sourceTree = "<group>"; };
/* End PBXFileReference section */

/* Begin PBXFrameworksBuildPhase section */
		AFAA40D41B4EB7FF00E02652 /* Frameworks */ = {
			isa = PBXFrameworksBuildPhase;
			buildActionMask = 2147483647;
			files = (
			);
			runOnlyForDeploymentPostprocessing = 0;
		};
		AFAA40E91B4EB7FF00E02652 /* Frameworks */ = {
			isa = PBXFrameworksBuildPhase;
			buildActionMask = 2147483647;
			files = (
			);
			runOnlyForDeploymentPostprocessing = 0;
		};
/* End PBXFrameworksBuildPhase section */

/* Begin PBXGroup section */
		AFAA40CE1B4EB7FF00E02652 = {
			isa = PBXGroup;
			children = (
				AFAA40D91B4EB7FF00E02652 /* KADAI */,
				AFAA40EF1B4EB7FF00E02652 /* KADAITests */,
				AFAA40D81B4EB7FF00E02652 /* Products */,
			);
			sourceTree = "<group>";
		};
		AFAA40D81B4EB7FF00E02652 /* Products */ = {
			isa = PBXGroup;
			children = (
				AFAA40D71B4EB7FF00E02652 /* KADAI.app */,
				AFAA40EC1B4EB7FF00E02652 /* KADAITests.xctest */,
			);
			name = Products;
			sourceTree = "<group>";
		};
		AFAA40D91B4EB7FF00E02652 /* KADAI */ = {
			isa = PBXGroup;
			children = (
				AFAA40DC1B4EB7FF00E02652 /* AppDelegate.swift */,
				AFAA40DE1B4EB7FF00E02652 /* ViewController.swift */,
				AFAA40E01B4EB7FF00E02652 /* Main.storyboard */,
				AFAA40E31B4EB7FF00E02652 /* Images.xcassets */,
				AFAA40E51B4EB7FF00E02652 /* LaunchScreen.xib */,
				AFAA40DA1B4EB7FF00E02652 /* Supporting Files */,
			);
			path = KADAI;
			sourceTree = "<group>";
		};
		AFAA40DA1B4EB7FF00E02652 /* Supporting Files */ = {
			isa = PBXGroup;
			children = (
				AFAA40DB1B4EB7FF00E02652 /* Info.plist */,
			);
			name = "Supporting Files";
			sourceTree = "<group>";
		};
		AFAA40EF1B4EB7FF00E02652 /* KADAITests */ = {
			isa = PBXGroup;
			children = (
				AFAA40F21B4EB7FF00E02652 /* KADAITests.swift */,
				AFAA40F01B4EB7FF00E02652 /* Supporting Files */,
			);
			path = KADAITests;
			sourceTree = "<group>";
		};
		AFAA40F01B4EB7FF00E02652 /* Supporting Files */ = {
			isa = PBXGroup;
			children = (
				AFAA40F11B4EB7FF00E02652 /* Info.plist */,
			);
			name = "Supporting Files";
			sourceTree = "<group>";
		};
/* End PBXGroup section */

/* Begin PBXNativeTarget section */
		AFAA40D61B4EB7FF00E02652 /* KADAI */ = {
			isa = PBXNativeTarget;
			buildConfigurationList = AFAA40F61B4EB7FF00E02652 /* Build configuration list for PBXNativeTarget "KADAI" */;
			buildPhases = (
				AFAA40D31B4EB7FF00E02652 /* Sources */,
				AFAA40D41B4EB7FF00E02652 /* Frameworks */,
				AFAA40D51B4EB7FF00E02652 /* Resources */,
			);
			buildRules = (
			);
			dependencies = (
			);
			name = KADAI;
			productName = KADAI;
			productReference = AFAA40D71B4EB7FF00E02652 /* KADAI.app */;
			productType = "com.apple.product-type.application";
		};
		AFAA40EB1B4EB7FF00E02652 /* KADAITests */ = {
			isa = PBXNativeTarget;
			buildConfigurationList = AFAA40F91B4EB7FF00E02652 /* Build configuration list for PBXNativeTarget "KADAITests" */;
			buildPhases = (
				AFAA40E81B4EB7FF00E02652 /* Sources */,
				AFAA40E91B4EB7FF00E02652 /* Frameworks */,
				AFAA40EA1B4EB7FF00E02652 /* Resources */,
			);
			buildRules = (
			);
			dependencies = (
				AFAA40EE1B4EB7FF00E02652 /* PBXTargetDependency */,
			);
			name = KADAITests;
			productName = KADAITests;
			productReference = AFAA40EC1B4EB7FF00E02652 /* KADAITests.xctest */;
			productType = "com.apple.product-type.bundle.unit-test";
		};
/* End PBXNativeTarget section */

/* Begin PBXProject section */
		AFAA40CF1B4EB7FF00E02652 /* Project object */ = {
			isa = PBXProject;
			attributes = {
				LastUpgradeCheck = 0630;
				ORGANIZATIONNAME = "桜井諒";
				TargetAttributes = {
					AFAA40D61B4EB7FF00E02652 = {
						CreatedOnToolsVersion = 6.3.2;
					};
					AFAA40EB1B4EB7FF00E02652 = {
						CreatedOnToolsVersion = 6.3.2;
						TestTargetID = AFAA40D61B4EB7FF00E02652;
					};
				};
			};
			buildConfigurationList = AFAA40D21B4EB7FF00E02652 /* Build configuration list for PBXProject "KADAI" */;
			compatibilityVersion = "Xcode 3.2";
			developmentRegion = English;
			hasScannedForEncodings = 0;
			knownRegions = (
				en,
				Base,
			);
			mainGroup = AFAA40CE1B4EB7FF00E02652;
			productRefGroup = AFAA40D81B4EB7FF00E02652 /* Products */;
			projectDirPath = "";
			projectRoot = "";
			targets = (
				AFAA40D61B4EB7FF00E02652 /* KADAI */,
				AFAA40EB1B4EB7FF00E02652 /* KADAITests */,
			);
		};
/* End PBXProject section */

/* Begin PBXResourcesBuildPhase section */
		AFAA40D51B4EB7FF00E02652 /* Resources */ = {
			isa = PBXResourcesBuildPhase;
			buildActionMask = 2147483647;
			files = (
				AFAA40E21B4EB7FF00E02652 /* Main.storyboard in Resources */,
				AFAA40E71B4EB7FF00E02652 /* LaunchScreen.xib in Resources */,
				AFAA40E41B4EB7FF00E02652 /* Images.xcassets in Resources */,
			);
			runOnlyForDeploymentPostprocessing = 0;
		};
		AFAA40EA1B4EB7FF00E02652 /* Resources */ = {
			isa = PBXResourcesBuildPhase;
			buildActionMask = 2147483647;
			files = (
			);
			runOnlyForDeploymentPostprocessing = 0;
		};
/* End PBXResourcesBuildPhase section */

/* Begin PBXSourcesBuildPhase section */
		AFAA40D31B4EB7FF00E02652 /* Sources */ = {
			isa = PBXSourcesBuildPhase;
			buildActionMask = 2147483647;
			files = (
				AFAA40DF1B4EB7FF00E02652 /* ViewController.swift in Sources */,
				AFAA40DD1B4EB7FF00E02652 /* AppDelegate.swift in Sources */,
			);
			runOnlyForDeploymentPostprocessing = 0;
		};
		AFAA40E81B4EB7FF00E02652 /* Sources */ = {
			isa = PBXSourcesBuildPhase;
			buildActionMask = 2147483647;
			files = (
				AFAA40F31B4EB7FF00E02652 /* KADAITests.swift in Sources */,
			);
			runOnlyForDeploymentPostprocessing = 0;
		};
/* End PBXSourcesBuildPhase section */

/* Begin PBXTargetDependency section */
		AFAA40EE1B4EB7FF00E02652 /* PBXTargetDependency */ = {
			isa = PBXTargetDependency;
			target = AFAA40D61B4EB7FF00E02652 /* KADAI */;
			targetProxy = AFAA40ED1B4EB7FF00E02652 /* PBXContainerItemProxy */;
		};
/* End PBXTargetDependency section */

/* Begin PBXVariantGroup section */
		AFAA40E01B4EB7FF00E02652 /* Main.storyboard */ = {
			isa = PBXVariantGroup;
			children = (
				AFAA40E11B4EB7FF00E02652 /* Base */,
			);
			name = Main.storyboard;
			sourceTree = "<group>";
		};
		AFAA40E51B4EB7FF00E02652 /* LaunchScreen.xib */ = {
			isa = PBXVariantGroup;
			children = (
				AFAA40E61B4EB7FF00E02652 /* Base */,
			);
			name = LaunchScreen.xib;
			sourceTree = "<group>";
		};
/* End PBXVariantGroup section */

/* Begin XCBuildConfiguration section */
		AFAA40F41B4EB7FF00E02652 /* Debug */ = {
			isa = XCBuildConfiguration;
			buildSettings = {
				ALWAYS_SEARCH_USER_PATHS = NO;
				CLANG_CXX_LANGUAGE_STANDARD = "gnu++0x";
				CLANG_CXX_LIBRARY = "libc++";
				CLANG_ENABLE_MODULES = YES;
				CLANG_ENABLE_OBJC_ARC = YES;
				CLANG_WARN_BOOL_CONVERSION = YES;
				CLANG_WARN_CONSTANT_CONVERSION = YES;
				CLANG_WARN_DIRECT_OBJC_ISA_USAGE = YES_ERROR;
				CLANG_WARN_EMPTY_BODY = YES;
				CLANG_WARN_ENUM_CONVERSION = YES;
				CLANG_WARN_INT_CONVERSION = YES;
				CLANG_WARN_OBJC_ROOT_CLASS = YES_ERROR;
				CLANG_WARN_UNREACHABLE_CODE = YES;
				CLANG_WARN__DUPLICATE_METHOD_MATCH = YES;
				"CODE_SIGN_IDENTITY[sdk=iphoneos*]" = "iPhone Developer";
				COPY_PHASE_STRIP = NO;
				DEBUG_INFORMATION_FORMAT = "dwarf-with-dsym";
				ENABLE_STRICT_OBJC_MSGSEND = YES;
				GCC_C_LANGUAGE_STANDARD = gnu99;
				GCC_DYNAMIC_NO_PIC = NO;
				GCC_NO_COMMON_BLOCKS = YES;
				GCC_OPTIMIZATION_LEVEL = 0;
				GCC_PREPROCESSOR_DEFINITIONS = (
					"DEBUG=1",
					"$(inherited)",
				);
				GCC_SYMBOLS_PRIVATE_EXTERN = NO;
				GCC_WARN_64_TO_32_BIT_CONVERSION = YES;
				GCC_WARN_ABOUT_RETURN_TYPE = YES_ERROR;
				GCC_WARN_UNDECLARED_SELECTOR = YES;
				GCC_WARN_UNINITIALIZED_AUTOS = YES_AGGRESSIVE;
				GCC_WARN_UNUSED_FUNCTION = YES;
				GCC_WARN_UNUSED_VARIABLE = YES;
				IPHONEOS_DEPLOYMENT_TARGET = 8.3;
				MTL_ENABLE_DEBUG_INFO = YES;
				ONLY_ACTIVE_ARCH = YES;
				SDKROOT = iphoneos;
				SWIFT_OPTIMIZATION_LEVEL = "-Onone";
			};
			name = Debug;
		};
		AFAA40F51B4EB7FF00E02652 /* Release */ = {
			isa = XCBuildConfiguration;
			buildSettings = {
				ALWAYS_SEARCH_USER_PATHS = NO;
				CLANG_CXX_LANGUAGE_STANDARD = "gnu++0x";
				CLANG_CXX_LIBRARY = "libc++";
				CLANG_ENABLE_MODULES = YES;
				CLANG_ENABLE_OBJC_ARC = YES;
				CLANG_WARN_BOOL_CONVERSION = YES;
				CLANG_WARN_CONSTANT_CONVERSION = YES;
				CLANG_WARN_DIRECT_OBJC_ISA_USAGE = YES_ERROR;
				CLANG_WARN_EMPTY_BODY = YES;
				CLANG_WARN_ENUM_CONVERSION = YES;
				CLANG_WARN_INT_CONVERSION = YES;
				CLANG_WARN_OBJC_ROOT_CLASS = YES_ERROR;
				CLANG_WARN_UNREACHABLE_CODE = YES;
				CLANG_WARN__DUPLICATE_METHOD_MATCH = YES;
				"CODE_SIGN_IDENTITY[sdk=iphoneos*]" = "iPhone Developer";
				COPY_PHASE_STRIP = NO;
				DEBUG_INFORMATION_FORMAT = "dwarf-with-dsym";
				ENABLE_NS_ASSERTIONS = NO;
				ENABLE_STRICT_OBJC_MSGSEND = YES;
				GCC_C_LANGUAGE_STANDARD = gnu99;
				GCC_NO_COMMON_BLOCKS = YES;
				GCC_WARN_64_TO_32_BIT_CONVERSION = YES;
				GCC_WARN_ABOUT_RETURN_TYPE = YES_ERROR;
				GCC_WARN_UNDECLARED_SELECTOR = YES;
				GCC_WARN_UNINITIALIZED_AUTOS = YES_AGGRESSIVE;
				GCC_WARN_UNUSED_FUNCTION = YES;
				GCC_WARN_UNUSED_VARIABLE = YES;
				IPHONEOS_DEPLOYMENT_TARGET = 8.3;
				MTL_ENABLE_DEBUG_INFO = NO;
				SDKROOT = iphoneos;
				VALIDATE_PRODUCT = YES;
			};
			name = Release;
		};
		AFAA40F71B4EB7FF00E02652 /* Debug */ = {
			isa = XCBuildConfiguration;
			buildSettings = {
				ASSETCATALOG_COMPILER_APPICON_NAME = AppIcon;
				INFOPLIST_FILE = KADAI/Info.plist;
				LD_RUNPATH_SEARCH_PATHS = "$(inherited) @executable_path/Frameworks";
				PRODUCT_NAME = "$(TARGET_NAME)";
			};
			name = Debug;
		};
		AFAA40F81B4EB7FF00E02652 /* Release */ = {
			isa = XCBuildConfiguration;
			buildSettings = {
				ASSETCATALOG_COMPILER_APPICON_NAME = AppIcon;
				INFOPLIST_FILE = KADAI/Info.plist;
				LD_RUNPATH_SEARCH_PATHS = "$(inherited) @executable_path/Frameworks";
				PRODUCT_NAME = "$(TARGET_NAME)";
			};
			name = Release;
		};
		AFAA40FA1B4EB7FF00E02652 /* Debug */ = {
			isa = XCBuildConfiguration;
			buildSettings = {
				BUNDLE_LOADER = "$(TEST_HOST)";
				FRAMEWORK_SEARCH_PATHS = (
					"$(SDKROOT)/Developer/Library/Frameworks",
					"$(inherited)",
				);
				GCC_PREPROCESSOR_DEFINITIONS = (
					"DEBUG=1",
					"$(inherited)",
				);
				INFOPLIST_FILE = KADAITests/Info.plist;
				LD_RUNPATH_SEARCH_PATHS = "$(inherited) @executable_path/Frameworks @loader_path/Frameworks";
				PRODUCT_NAME = "$(TARGET_NAME)";
				TEST_HOST = "$(BUILT_PRODUCTS_DIR)/KADAI.app/KADAI";
			};
			name = Debug;
		};
		AFAA40FB1B4EB7FF00E02652 /* Release */ = {
			isa = XCBuildConfiguration;
			buildSettings = {
				BUNDLE_LOADER = "$(TEST_HOST)";
				FRAMEWORK_SEARCH_PATHS = (
					"$(SDKROOT)/Developer/Library/Frameworks",
					"$(inherited)",
				);
				INFOPLIST_FILE = KADAITests/Info.plist;
				LD_RUNPATH_SEARCH_PATHS = "$(inherited) @executable_path/Frameworks @loader_path/Frameworks";
				PRODUCT_NAME = "$(TARGET_NAME)";
				TEST_HOST = "$(BUILT_PRODUCTS_DIR)/KADAI.app/KADAI";
			};
			name = Release;
		};
/* End XCBuildConfiguration section */

/* Begin XCConfigurationList section */
		AFAA40D21B4EB7FF00E02652 /* Build configuration list for PBXProject "KADAI" */ = {
			isa = XCConfigurationList;
			buildConfigurations = (
				AFAA40F41B4EB7FF00E02652 /* Debug */,
				AFAA40F51B4EB7FF00E02652 /* Release */,
			);
			defaultConfigurationIsVisible = 0;
			defaultConfigurationName = Release;
		};
		AFAA40F61B4EB7FF00E02652 /* Build configuration list for PBXNativeTarget "KADAI" */ = {
			isa = XCConfigurationList;
			buildConfigurations = (
				AFAA40F71B4EB7FF00E02652 /* Debug */,
				AFAA40F81B4EB7FF00E02652 /* Release */,
			);
			defaultConfigurationIsVisible = 0;
		};
		AFAA40F91B4EB7FF00E02652 /* Build configuration list for PBXNativeTarget "KADAITests" */ = {
			isa = XCConfigurationList;
			buildConfigurations = (
				AFAA40FA1B4EB7FF00E02652 /* Debug */,
				AFAA40FB1B4EB7FF00E02652 /* Release */,
			);
			defaultConfigurationIsVisible = 0;
		};
/* End XCConfigurationList section */
	};
	rootObject = AFAA40CF1B4EB7FF00E02652 /* Project object */;
}
